
Microsoft Visual Studio Solution File, Format Version 12.00
# Visual Studio Version 16
VisualStudioVersion = 16.0.30907.101
MinimumVisualStudioVersion = 10.0.40219.1
Project("{9A19103F-16F7-4668-BE54-9A1E7A4F7556}") = "DatingApp", "DatingApp\DatingApp.csproj", "{58136A6D-9F81-4AE1-B781-0504A3F41FD6}"
EndProject
Global
	GlobalSection(SolutionConfigurationPlatforms) = preSolution
		Debug|Any CPU = Debug|Any CPU
		Release|Any CPU = Release|Any CPU
	EndGlobalSection
	GlobalSection(ProjectConfigurationPlatforms) = postSolution
		{58136A6D-9F81-4AE1-B781-0504A3F41FD6}.Debug|Any CPU.ActiveCfg = Debug|Any CPU
		{58136A6D-9F81-4AE1-B781-0504A3F41FD6}.Debug|Any CPU.Build.0 = Debug|Any CPU
		{58136A6D-9F81-4AE1-B781-0504A3F41FD6}.Release|Any CPU.ActiveCfg = Release|Any CPU
		{58136A6D-9F81-4AE1-B781-0504A3F41FD6}.Release|Any CPU.Build.0 = Release|Any CPU
	EndGlobalSection
	GlobalSection(SolutionProperties) = preSolution
		HideSolutionNode = FALSE
	EndGlobalSection
	GlobalSection(ExtensibilityGlobals) = postSolution
		SolutionGuid = {C9524920-FC1B-4025-A641-7994F8FCF7BC}
	EndGlobalSection
EndGlobal
